// !$*UTF8*$!
{
	archiveVersion = 1;
	classes = {
	};
	objectVersion = 46;
	objects = {

/* Begin PBXBuildFile section */
		19C5DF6E1A8E3D2E0020546C /* AppDelegate.swift in Sources */ = {isa = PBXBuildFile; fileRef = 19C5DF6D1A8E3D2E0020546C /* AppDelegate.swift */; };
		19C5DF701A8E3D2E0020546C /* ViewController.swift in Sources */ = {isa = PBXBuildFile; fileRef = 19C5DF6F1A8E3D2E0020546C /* ViewController.swift */; };
		19C5DF731A8E3D2E0020546C /* Main.storyboard in Resources */ = {isa = PBXBuildFile; fileRef = 19C5DF711A8E3D2E0020546C /* Main.storyboard */; };
		19C5DF751A8E3D2E0020546C /* Images.xcassets in Resources */ = {isa = PBXBuildFile; fileRef = 19C5DF741A8E3D2E0020546C /* Images.xcassets */; };
		19C5DF781A8E3D2E0020546C /* LaunchScreen.xib in Resources */ = {isa = PBXBuildFile; fileRef = 19C5DF761A8E3D2E0020546C /* LaunchScreen.xib */; };
		19C5DF841A8E3D2E0020546C /* D_DTests.swift in Sources */ = {isa = PBXBuildFile; fileRef = 19C5DF831A8E3D2E0020546C /* D_DTests.swift */; };
		19C5DF901A8E3DB50020546C /* Skills.swift in Sources */ = {isa = PBXBuildFile; fileRef = 19C5DF8F1A8E3DB50020546C /* Skills.swift */; };
		19C5DF911A8E3DB50020546C /* Skills.swift in Sources */ = {isa = PBXBuildFile; fileRef = 19C5DF8F1A8E3DB50020546C /* Skills.swift */; };
		19C5DF931A8E3DE50020546C /* Abilities.swift in Sources */ = {isa = PBXBuildFile; fileRef = 19C5DF921A8E3DE50020546C /* Abilities.swift */; };
		19C5DF941A8E3DE50020546C /* Abilities.swift in Sources */ = {isa = PBXBuildFile; fileRef = 19C5DF921A8E3DE50020546C /* Abilities.swift */; };
		19C5DF961A8E3E020020546C /* Player.swift in Sources */ = {isa = PBXBuildFile; fileRef = 19C5DF951A8E3E020020546C /* Player.swift */; };
		19C5DF971A8E3E020020546C /* Player.swift in Sources */ = {isa = PBXBuildFile; fileRef = 19C5DF951A8E3E020020546C /* Player.swift */; };
		19C5DF991A8E3E2C0020546C /* Race.swift in Sources */ = {isa = PBXBuildFile; fileRef = 19C5DF981A8E3E2C0020546C /* Race.swift */; };
		19C5DF9A1A8E3E2C0020546C /* Race.swift in Sources */ = {isa = PBXBuildFile; fileRef = 19C5DF981A8E3E2C0020546C /* Race.swift */; };
		19C5DF9C1A8E3E490020546C /* Class.swift in Sources */ = {isa = PBXBuildFile; fileRef = 19C5DF9B1A8E3E490020546C /* Class.swift */; };
		19C5DF9D1A8E3E490020546C /* Class.swift in Sources */ = {isa = PBXBuildFile; fileRef = 19C5DF9B1A8E3E490020546C /* Class.swift */; };
		19C5DF9F1A8E3E650020546C /* Die.swift in Sources */ = {isa = PBXBuildFile; fileRef = 19C5DF9E1A8E3E650020546C /* Die.swift */; };
		19C5DFA01A8E3E650020546C /* Die.swift in Sources */ = {isa = PBXBuildFile; fileRef = 19C5DF9E1A8E3E650020546C /* Die.swift */; };
		19C5DFA31A8E3EA20020546C /* Helpers.swift in Sources */ = {isa = PBXBuildFile; fileRef = 19C5DFA21A8E3EA20020546C /* Helpers.swift */; };
		19C5DFA41A8E3EA20020546C /* Helpers.swift in Sources */ = {isa = PBXBuildFile; fileRef = 19C5DFA21A8E3EA20020546C /* Helpers.swift */; };
		19C5DFA61A8E3EC80020546C /* Language.swift in Sources */ = {isa = PBXBuildFile; fileRef = 19C5DFA51A8E3EC80020546C /* Language.swift */; };
		19C5DFA71A8E3EC80020546C /* Language.swift in Sources */ = {isa = PBXBuildFile; fileRef = 19C5DFA51A8E3EC80020546C /* Language.swift */; };
/* End PBXBuildFile section */

/* Begin PBXContainerItemProxy section */
		19C5DF7E1A8E3D2E0020546C /* PBXContainerItemProxy */ = {
			isa = PBXContainerItemProxy;
			containerPortal = 19C5DF601A8E3D2E0020546C /* Project object */;
			proxyType = 1;
			remoteGlobalIDString = 19C5DF671A8E3D2E0020546C;
			remoteInfo = "D&D";
		};
/* End PBXContainerItemProxy section */

/* Begin PBXFileReference section */
		19C5DF681A8E3D2E0020546C /* D&D.app */ = {isa = PBXFileReference; explicitFileType = wrapper.application; includeInIndex = 0; path = "D&D.app"; sourceTree = BUILT_PRODUCTS_DIR; };
		19C5DF6C1A8E3D2E0020546C /* Info.plist */ = {isa = PBXFileReference; lastKnownFileType = text.plist.xml; path = Info.plist; sourceTree = "<group>"; };
		19C5DF6D1A8E3D2E0020546C /* AppDelegate.swift */ = {isa = PBXFileReference; lastKnownFileType = sourcecode.swift; path = AppDelegate.swift; sourceTree = "<group>"; };
		19C5DF6F1A8E3D2E0020546C /* ViewController.swift */ = {isa = PBXFileReference; lastKnownFileType = sourcecode.swift; path = ViewController.swift; sourceTree = "<group>"; };
		19C5DF721A8E3D2E0020546C /* Base */ = {isa = PBXFileReference; lastKnownFileType = file.storyboard; name = Base; path = Base.lproj/Main.storyboard; sourceTree = "<group>"; };
		19C5DF741A8E3D2E0020546C /* Images.xcassets */ = {isa = PBXFileReference; lastKnownFileType = folder.assetcatalog; path = Images.xcassets; sourceTree = "<group>"; };
		19C5DF771A8E3D2E0020546C /* Base */ = {isa = PBXFileReference; lastKnownFileType = file.xib; name = Base; path = Base.lproj/LaunchScreen.xib; sourceTree = "<group>"; };
		19C5DF7D1A8E3D2E0020546C /* D&DTests.xctest */ = {isa = PBXFileReference; explicitFileType = wrapper.cfbundle; includeInIndex = 0; path = "D&DTests.xctest"; sourceTree = BUILT_PRODUCTS_DIR; };
		19C5DF821A8E3D2E0020546C /* Info.plist */ = {isa = PBXFileReference; lastKnownFileType = text.plist.xml; path = Info.plist; sourceTree = "<group>"; };
		19C5DF831A8E3D2E0020546C /* D_DTests.swift */ = {isa = PBXFileReference; lastKnownFileType = sourcecode.swift; path = D_DTests.swift; sourceTree = "<group>"; };
		19C5DF8F1A8E3DB50020546C /* Skills.swift */ = {isa = PBXFileReference; fileEncoding = 4; lastKnownFileType = sourcecode.swift; name = Skills.swift; path = Models/Skills.swift; sourceTree = "<group>"; };
		19C5DF921A8E3DE50020546C /* Abilities.swift */ = {isa = PBXFileReference; fileEncoding = 4; lastKnownFileType = sourcecode.swift; name = Abilities.swift; path = Models/Abilities.swift; sourceTree = "<group>"; };
		19C5DF951A8E3E020020546C /* Player.swift */ = {isa = PBXFileReference; fileEncoding = 4; lastKnownFileType = sourcecode.swift; name = Player.swift; path = Models/Player.swift; sourceTree = "<group>"; };
		19C5DF981A8E3E2C0020546C /* Race.swift */ = {isa = PBXFileReference; fileEncoding = 4; lastKnownFileType = sourcecode.swift; name = Race.swift; path = Models/Race.swift; sourceTree = "<group>"; };
		19C5DF9B1A8E3E490020546C /* Class.swift */ = {isa = PBXFileReference; fileEncoding = 4; lastKnownFileType = sourcecode.swift; name = Class.swift; path = Models/Class.swift; sourceTree = "<group>"; };
		19C5DF9E1A8E3E650020546C /* Die.swift */ = {isa = PBXFileReference; fileEncoding = 4; lastKnownFileType = sourcecode.swift; name = Die.swift; path = Models/Die.swift; sourceTree = "<group>"; };
		19C5DFA21A8E3EA20020546C /* Helpers.swift */ = {isa = PBXFileReference; fileEncoding = 4; lastKnownFileType = sourcecode.swift; path = Helpers.swift; sourceTree = "<group>"; };
		19C5DFA51A8E3EC80020546C /* Language.swift */ = {isa = PBXFileReference; fileEncoding = 4; lastKnownFileType = sourcecode.swift; name = Language.swift; path = Models/Language.swift; sourceTree = "<group>"; };
/* End PBXFileReference section */

/* Begin PBXFrameworksBuildPhase section */
		19C5DF651A8E3D2E0020546C /* Frameworks */ = {
			isa = PBXFrameworksBuildPhase;
			buildActionMask = 2147483647;
			files = (
			);
			runOnlyForDeploymentPostprocessing = 0;
		};
		19C5DF7A1A8E3D2E0020546C /* Frameworks */ = {
			isa = PBXFrameworksBuildPhase;
			buildActionMask = 2147483647;
			files = (
			);
			runOnlyForDeploymentPostprocessing = 0;
		};
/* End PBXFrameworksBuildPhase section */

/* Begin PBXGroup section */
		19C5DF5F1A8E3D2E0020546C = {
			isa = PBXGroup;
			children = (
				19C5DF6A1A8E3D2E0020546C /* D&D */,
				19C5DF801A8E3D2E0020546C /* Tests */,
				19C5DF691A8E3D2E0020546C /* Products */,
			);
			sourceTree = "<group>";
		};
		19C5DF691A8E3D2E0020546C /* Products */ = {
			isa = PBXGroup;
			children = (
				19C5DF681A8E3D2E0020546C /* D&D.app */,
				19C5DF7D1A8E3D2E0020546C /* D&DTests.xctest */,
			);
			name = Products;
			sourceTree = "<group>";
		};
		19C5DF6A1A8E3D2E0020546C /* D&D */ = {
			isa = PBXGroup;
			children = (
				19C5DF6D1A8E3D2E0020546C /* AppDelegate.swift */,
				19C5DF6F1A8E3D2E0020546C /* ViewController.swift */,
				19C5DF711A8E3D2E0020546C /* Main.storyboard */,
				19C5DF761A8E3D2E0020546C /* LaunchScreen.xib */,
				19C5DF741A8E3D2E0020546C /* Images.xcassets */,
				19C5DFA11A8E3E8A0020546C /* Helpers */,
				19C5DF8D1A8E3D580020546C /* Models */,
				19C5DF6B1A8E3D2E0020546C /* Supporting Files */,
			);
			path = "D&D";
			sourceTree = "<group>";
		};
		19C5DF6B1A8E3D2E0020546C /* Supporting Files */ = {
			isa = PBXGroup;
			children = (
				19C5DF6C1A8E3D2E0020546C /* Info.plist */,
			);
			name = "Supporting Files";
			sourceTree = "<group>";
		};
		19C5DF801A8E3D2E0020546C /* Tests */ = {
			isa = PBXGroup;
			children = (
				19C5DF831A8E3D2E0020546C /* D_DTests.swift */,
				19C5DF811A8E3D2E0020546C /* Supporting Files */,
			);
			name = Tests;
			path = "D&DTests";
			sourceTree = "<group>";
		};
		19C5DF811A8E3D2E0020546C /* Supporting Files */ = {
			isa = PBXGroup;
			children = (
				19C5DF821A8E3D2E0020546C /* Info.plist */,
			);
			name = "Supporting Files";
			sourceTree = "<group>";
		};
		19C5DF8D1A8E3D580020546C /* Models */ = {
			isa = PBXGroup;
			children = (
				19C5DF9E1A8E3E650020546C /* Die.swift */,
				19C5DF951A8E3E020020546C /* Player.swift */,
				19C5DF981A8E3E2C0020546C /* Race.swift */,
				19C5DF9B1A8E3E490020546C /* Class.swift */,
				19C5DF921A8E3DE50020546C /* Abilities.swift */,
				19C5DF8F1A8E3DB50020546C /* Skills.swift */,
				19C5DFA51A8E3EC80020546C /* Language.swift */,
			);
			name = Models;
			sourceTree = "<group>";
		};
		19C5DFA11A8E3E8A0020546C /* Helpers */ = {
			isa = PBXGroup;
			children = (
				19C5DFA21A8E3EA20020546C /* Helpers.swift */,
			);
			name = Helpers;
			sourceTree = "<group>";
		};
/* End PBXGroup section */

/* Begin PBXNativeTarget section */
		19C5DF671A8E3D2E0020546C /* D&D */ = {
			isa = PBXNativeTarget;
			buildConfigurationList = 19C5DF871A8E3D2E0020546C /* Build configuration list for PBXNativeTarget "D&D" */;
			buildPhases = (
				19C5DF641A8E3D2E0020546C /* Sources */,
				19C5DF651A8E3D2E0020546C /* Frameworks */,
				19C5DF661A8E3D2E0020546C /* Resources */,
			);
			buildRules = (
			);
			dependencies = (
			);
			name = "D&D";
			productName = "D&D";
			productReference = 19C5DF681A8E3D2E0020546C /* D&D.app */;
			productType = "com.apple.product-type.application";
		};
		19C5DF7C1A8E3D2E0020546C /* D&DTests */ = {
			isa = PBXNativeTarget;
			buildConfigurationList = 19C5DF8A1A8E3D2E0020546C /* Build configuration list for PBXNativeTarget "D&DTests" */;
			buildPhases = (
				19C5DF791A8E3D2E0020546C /* Sources */,
				19C5DF7A1A8E3D2E0020546C /* Frameworks */,
				19C5DF7B1A8E3D2E0020546C /* Resources */,
			);
			buildRules = (
			);
			dependencies = (
				19C5DF7F1A8E3D2E0020546C /* PBXTargetDependency */,
			);
			name = "D&DTests";
			productName = "D&DTests";
			productReference = 19C5DF7D1A8E3D2E0020546C /* D&DTests.xctest */;
			productType = "com.apple.product-type.bundle.unit-test";
		};
/* End PBXNativeTarget section */

/* Begin PBXProject section */
		19C5DF601A8E3D2E0020546C /* Project object */ = {
			isa = PBXProject;
			attributes = {
				LastUpgradeCheck = 0610;
				ORGANIZATIONNAME = "Stuart Moore";
				TargetAttributes = {
					19C5DF671A8E3D2E0020546C = {
						CreatedOnToolsVersion = 6.1.1;
					};
					19C5DF7C1A8E3D2E0020546C = {
						CreatedOnToolsVersion = 6.1.1;
						TestTargetID = 19C5DF671A8E3D2E0020546C;
					};
				};
			};
			buildConfigurationList = 19C5DF631A8E3D2E0020546C /* Build configuration list for PBXProject "D&D" */;
			compatibilityVersion = "Xcode 3.2";
			developmentRegion = English;
			hasScannedForEncodings = 0;
			knownRegions = (
				en,
				Base,
			);
			mainGroup = 19C5DF5F1A8E3D2E0020546C;
			productRefGroup = 19C5DF691A8E3D2E0020546C /* Products */;
			projectDirPath = "";
			projectRoot = "";
			targets = (
				19C5DF671A8E3D2E0020546C /* D&D */,
				19C5DF7C1A8E3D2E0020546C /* D&DTests */,
			);
		};
/* End PBXProject section */

/* Begin PBXResourcesBuildPhase section */
		19C5DF661A8E3D2E0020546C /* Resources */ = {
			isa = PBXResourcesBuildPhase;
			buildActionMask = 2147483647;
			files = (
				19C5DF731A8E3D2E0020546C /* Main.storyboard in Resources */,
				19C5DF781A8E3D2E0020546C /* LaunchScreen.xib in Resources */,
				19C5DF751A8E3D2E0020546C /* Images.xcassets in Resources */,
			);
			runOnlyForDeploymentPostprocessing = 0;
		};
		19C5DF7B1A8E3D2E0020546C /* Resources */ = {
			isa = PBXResourcesBuildPhase;
			buildActionMask = 2147483647;
			files = (
			);
			runOnlyForDeploymentPostprocessing = 0;
		};
/* End PBXResourcesBuildPhase section */

/* Begin PBXSourcesBuildPhase section */
		19C5DF641A8E3D2E0020546C /* Sources */ = {
			isa = PBXSourcesBuildPhase;
			buildActionMask = 2147483647;
			files = (
				19C5DF931A8E3DE50020546C /* Abilities.swift in Sources */,
				19C5DFA61A8E3EC80020546C /* Language.swift in Sources */,
				19C5DF701A8E3D2E0020546C /* ViewController.swift in Sources */,
				19C5DF9C1A8E3E490020546C /* Class.swift in Sources */,
				19C5DF961A8E3E020020546C /* Player.swift in Sources */,
				19C5DFA31A8E3EA20020546C /* Helpers.swift in Sources */,
				19C5DF901A8E3DB50020546C /* Skills.swift in Sources */,
				19C5DF991A8E3E2C0020546C /* Race.swift in Sources */,
				19C5DF9F1A8E3E650020546C /* Die.swift in Sources */,
				19C5DF6E1A8E3D2E0020546C /* AppDelegate.swift in Sources */,
			);
			runOnlyForDeploymentPostprocessing = 0;
		};
		19C5DF791A8E3D2E0020546C /* Sources */ = {
			isa = PBXSourcesBuildPhase;
			buildActionMask = 2147483647;
			files = (
				19C5DF9D1A8E3E490020546C /* Class.swift in Sources */,
				19C5DF841A8E3D2E0020546C /* D_DTests.swift in Sources */,
				19C5DFA01A8E3E650020546C /* Die.swift in Sources */,
				19C5DFA71A8E3EC80020546C /* Language.swift in Sources */,
				19C5DFA41A8E3EA20020546C /* Helpers.swift in Sources */,
				19C5DF911A8E3DB50020546C /* Skills.swift in Sources */,
				19C5DF941A8E3DE50020546C /* Abilities.swift in Sources */,
				19C5DF971A8E3E020020546C /* Player.swift in Sources */,
				19C5DF9A1A8E3E2C0020546C /* Race.swift in Sources */,
			);
			runOnlyForDeploymentPostprocessing = 0;
		};
/* End PBXSourcesBuildPhase section */

/* Begin PBXTargetDependency section */
		19C5DF7F1A8E3D2E0020546C /* PBXTargetDependency */ = {
			isa = PBXTargetDependency;
			target = 19C5DF671A8E3D2E0020546C /* D&D */;
			targetProxy = 19C5DF7E1A8E3D2E0020546C /* PBXContainerItemProxy */;
		};
/* End PBXTargetDependency section */

/* Begin PBXVariantGroup section */
		19C5DF711A8E3D2E0020546C /* Main.storyboard */ = {
			isa = PBXVariantGroup;
			children = (
				19C5DF721A8E3D2E0020546C /* Base */,
			);
			name = Main.storyboard;
			sourceTree = "<group>";
		};
		19C5DF761A8E3D2E0020546C /* LaunchScreen.xib */ = {
			isa = PBXVariantGroup;
			children = (
				19C5DF771A8E3D2E0020546C /* Base */,
			);
			name = LaunchScreen.xib;
			sourceTree = "<group>";
		};
/* End PBXVariantGroup section */

/* Begin XCBuildConfiguration section */
		19C5DF851A8E3D2E0020546C /* Debug */ = {
			isa = XCBuildConfiguration;
			buildSettings = {
				ALWAYS_SEARCH_USER_PATHS = NO;
				CLANG_CXX_LANGUAGE_STANDARD = "gnu++0x";
				CLANG_CXX_LIBRARY = "libc++";
				CLANG_ENABLE_MODULES = YES;
				CLANG_ENABLE_OBJC_ARC = YES;
				CLANG_WARN_BOOL_CONVERSION = YES;
				CLANG_WARN_CONSTANT_CONVERSION = YES;
				CLANG_WARN_DIRECT_OBJC_ISA_USAGE = YES_ERROR;
				CLANG_WARN_EMPTY_BODY = YES;
				CLANG_WARN_ENUM_CONVERSION = YES;
				CLANG_WARN_INT_CONVERSION = YES;
				CLANG_WARN_OBJC_ROOT_CLASS = YES_ERROR;
				CLANG_WARN_UNREACHABLE_CODE = YES;
				CLANG_WARN__DUPLICATE_METHOD_MATCH = YES;
				"CODE_SIGN_IDENTITY[sdk=iphoneos*]" = "iPhone Developer";
				COPY_PHASE_STRIP = NO;
				ENABLE_STRICT_OBJC_MSGSEND = YES;
				GCC_C_LANGUAGE_STANDARD = gnu99;
				GCC_DYNAMIC_NO_PIC = NO;
				GCC_OPTIMIZATION_LEVEL = 0;
				GCC_PREPROCESSOR_DEFINITIONS = (
					"DEBUG=1",
					"$(inherited)",
				);
				GCC_SYMBOLS_PRIVATE_EXTERN = NO;
				GCC_WARN_64_TO_32_BIT_CONVERSION = YES;
				GCC_WARN_ABOUT_RETURN_TYPE = YES_ERROR;
				GCC_WARN_UNDECLARED_SELECTOR = YES;
				GCC_WARN_UNINITIALIZED_AUTOS = YES_AGGRESSIVE;
				GCC_WARN_UNUSED_FUNCTION = YES;
				GCC_WARN_UNUSED_VARIABLE = YES;
				IPHONEOS_DEPLOYMENT_TARGET = 8.1;
				MTL_ENABLE_DEBUG_INFO = YES;
				ONLY_ACTIVE_ARCH = YES;
				SDKROOT = iphoneos;
				SWIFT_OPTIMIZATION_LEVEL = "-Onone";
				TARGETED_DEVICE_FAMILY = "1,2";
			};
			name = Debug;
		};
		19C5DF861A8E3D2E0020546C /* Release */ = {
			isa = XCBuildConfiguration;
			buildSettings = {
				ALWAYS_SEARCH_USER_PATHS = NO;
				CLANG_CXX_LANGUAGE_STANDARD = "gnu++0x";
				CLANG_CXX_LIBRARY = "libc++";
				CLANG_ENABLE_MODULES = YES;
				CLANG_ENABLE_OBJC_ARC = YES;
				CLANG_WARN_BOOL_CONVERSION = YES;
				CLANG_WARN_CONSTANT_CONVERSION = YES;
				CLANG_WARN_DIRECT_OBJC_ISA_USAGE = YES_ERROR;
				CLANG_WARN_EMPTY_BODY = YES;
				CLANG_WARN_ENUM_CONVERSION = YES;
				CLANG_WARN_INT_CONVERSION = YES;
				CLANG_WARN_OBJC_ROOT_CLASS = YES_ERROR;
				CLANG_WARN_UNREACHABLE_CODE = YES;
				CLANG_WARN__DUPLICATE_METHOD_MATCH = YES;
				"CODE_SIGN_IDENTITY[sdk=iphoneos*]" = "iPhone Developer";
				COPY_PHASE_STRIP = YES;
				ENABLE_NS_ASSERTIONS = NO;
				ENABLE_STRICT_OBJC_MSGSEND = YES;
				GCC_C_LANGUAGE_STANDARD = gnu99;
				GCC_WARN_64_TO_32_BIT_CONVERSION = YES;
				GCC_WARN_ABOUT_RETURN_TYPE = YES_ERROR;
				GCC_WARN_UNDECLARED_SELECTOR = YES;
				GCC_WARN_UNINITIALIZED_AUTOS = YES_AGGRESSIVE;
				GCC_WARN_UNUSED_FUNCTION = YES;
				GCC_WARN_UNUSED_VARIABLE = YES;
				IPHONEOS_DEPLOYMENT_TARGET = 8.1;
				MTL_ENABLE_DEBUG_INFO = NO;
				SDKROOT = iphoneos;
				TARGETED_DEVICE_FAMILY = "1,2";
				VALIDATE_PRODUCT = YES;
			};
			name = Release;
		};
		19C5DF881A8E3D2E0020546C /* Debug */ = {
			isa = XCBuildConfiguration;
			buildSettings = {
				ASSETCATALOG_COMPILER_APPICON_NAME = AppIcon;
				INFOPLIST_FILE = "D&D/Info.plist";
				LD_RUNPATH_SEARCH_PATHS = "$(inherited) @executable_path/Frameworks";
				PRODUCT_NAME = "$(TARGET_NAME)";
			};
			name = Debug;
		};
		19C5DF891A8E3D2E0020546C /* Release */ = {
			isa = XCBuildConfiguration;
			buildSettings = {
				ASSETCATALOG_COMPILER_APPICON_NAME = AppIcon;
				INFOPLIST_FILE = "D&D/Info.plist";
				LD_RUNPATH_SEARCH_PATHS = "$(inherited) @executable_path/Frameworks";
				PRODUCT_NAME = "$(TARGET_NAME)";
			};
			name = Release;
		};
		19C5DF8B1A8E3D2E0020546C /* Debug */ = {
			isa = XCBuildConfiguration;
			buildSettings = {
				BUNDLE_LOADER = "$(TEST_HOST)";
				FRAMEWORK_SEARCH_PATHS = (
					"$(SDKROOT)/Developer/Library/Frameworks",
					"$(inherited)",
				);
				GCC_PREPROCESSOR_DEFINITIONS = (
					"DEBUG=1",
					"$(inherited)",
				);
				INFOPLIST_FILE = "D&DTests/Info.plist";
				LD_RUNPATH_SEARCH_PATHS = "$(inherited) @executable_path/Frameworks @loader_path/Frameworks";
				PRODUCT_NAME = "$(TARGET_NAME)";
				TEST_HOST = "$(BUILT_PRODUCTS_DIR)/D&D.app/D&D";
			};
			name = Debug;
		};
		19C5DF8C1A8E3D2E0020546C /* Release */ = {
			isa = XCBuildConfiguration;
			buildSettings = {
				BUNDLE_LOADER = "$(TEST_HOST)";
				FRAMEWORK_SEARCH_PATHS = (
					"$(SDKROOT)/Developer/Library/Frameworks",
					"$(inherited)",
				);
				INFOPLIST_FILE = "D&DTests/Info.plist";
				LD_RUNPATH_SEARCH_PATHS = "$(inherited) @executable_path/Frameworks @loader_path/Frameworks";
				PRODUCT_NAME = "$(TARGET_NAME)";
				TEST_HOST = "$(BUILT_PRODUCTS_DIR)/D&D.app/D&D";
			};
			name = Release;
		};
/* End XCBuildConfiguration section */

/* Begin XCConfigurationList section */
		19C5DF631A8E3D2E0020546C /* Build configuration list for PBXProject "D&D" */ = {
			isa = XCConfigurationList;
			buildConfigurations = (
				19C5DF851A8E3D2E0020546C /* Debug */,
				19C5DF861A8E3D2E0020546C /* Release */,
			);
			defaultConfigurationIsVisible = 0;
			defaultConfigurationName = Release;
		};
		19C5DF871A8E3D2E0020546C /* Build configuration list for PBXNativeTarget "D&D" */ = {
			isa = XCConfigurationList;
			buildConfigurations = (
				19C5DF881A8E3D2E0020546C /* Debug */,
				19C5DF891A8E3D2E0020546C /* Release */,
			);
			defaultConfigurationIsVisible = 0;
		};
		19C5DF8A1A8E3D2E0020546C /* Build configuration list for PBXNativeTarget "D&DTests" */ = {
			isa = XCConfigurationList;
			buildConfigurations = (
				19C5DF8B1A8E3D2E0020546C /* Debug */,
				19C5DF8C1A8E3D2E0020546C /* Release */,
			);
			defaultConfigurationIsVisible = 0;
		};
/* End XCConfigurationList section */
	};
	rootObject = 19C5DF601A8E3D2E0020546C /* Project object */;
}
